
Microsoft Visual Studio Solution File, Format Version 12.00
# Visual Studio Version 16
VisualStudioVersion = 16.0.30523.141
MinimumVisualStudioVersion = 10.0.40219.1
Project("{FAE04EC0-301F-11D3-BF4B-00C04F79EFBC}") = "MyFirstApp", "MyFirstApp.csproj", "{59782786-569E-4465-AF20-3F568B212729}"
EndProject
Global
	GlobalSection(SolutionConfigurationPlatforms) = preSolution
		Debug|Any CPU = Debug|Any CPU
		Release|Any CPU = Release|Any CPU
	EndGlobalSection
	GlobalSection(ProjectConfigurationPlatforms) = postSolution
		{59782786-569E-4465-AF20-3F568B212729}.Debug|Any CPU.ActiveCfg = Debug|Any CPU
		{59782786-569E-4465-AF20-3F568B212729}.Debug|Any CPU.Build.0 = Debug|Any CPU
		{59782786-569E-4465-AF20-3F568B212729}.Release|Any CPU.ActiveCfg = Release|Any CPU
		{59782786-569E-4465-AF20-3F568B212729}.Release|Any CPU.Build.0 = Release|Any CPU
	EndGlobalSection
	GlobalSection(SolutionProperties) = preSolution
		HideSolutionNode = FALSE
	EndGlobalSection
	GlobalSection(ExtensibilityGlobals) = postSolution
		SolutionGuid = {3FCE2F91-C6A9-48D3-B65D-29773EE65D19}
	EndGlobalSection
EndGlobal
