
Microsoft Visual Studio Solution File, Format Version 12.00
# Visual Studio Version 16
VisualStudioVersion = 16.0.30523.141
MinimumVisualStudioVersion = 10.0.40219.1
Project("{FAE04EC0-301F-11D3-BF4B-00C04F79EFBC}") = "Nohai_Dragos_Ionut_Lab2", "Nohai_Dragos_Ionut_Lab2.csproj", "{2A9ACB32-2C52-4BA6-B7CD-DF9E5735CF8A}"
EndProject
Global
	GlobalSection(SolutionConfigurationPlatforms) = preSolution
		Debug|Any CPU = Debug|Any CPU
		Release|Any CPU = Release|Any CPU
	EndGlobalSection
	GlobalSection(ProjectConfigurationPlatforms) = postSolution
		{2A9ACB32-2C52-4BA6-B7CD-DF9E5735CF8A}.Debug|Any CPU.ActiveCfg = Debug|Any CPU
		{2A9ACB32-2C52-4BA6-B7CD-DF9E5735CF8A}.Debug|Any CPU.Build.0 = Debug|Any CPU
		{2A9ACB32-2C52-4BA6-B7CD-DF9E5735CF8A}.Release|Any CPU.ActiveCfg = Release|Any CPU
		{2A9ACB32-2C52-4BA6-B7CD-DF9E5735CF8A}.Release|Any CPU.Build.0 = Release|Any CPU
	EndGlobalSection
	GlobalSection(SolutionProperties) = preSolution
		HideSolutionNode = FALSE
	EndGlobalSection
	GlobalSection(ExtensibilityGlobals) = postSolution
		SolutionGuid = {D8393BD3-1A0E-4AEA-B8DB-BFB171940ABC}
	EndGlobalSection
EndGlobal
